
Microsoft Visual Studio Solution File, Format Version 12.00
# Visual Studio Version 16
VisualStudioVersion = 16.0.30330.147
MinimumVisualStudioVersion = 10.0.40219.1
Project("{9A19103F-16F7-4668-BE54-9A1E7A4F7556}") = "conversaotemperatura", "conversaotemperatura\conversaotemperatura.csproj", "{7C8D53F3-FAEC-42BD-8349-FE3253DD0966}"
EndProject
Project("{FAE04EC0-301F-11D3-BF4B-00C04F79EFBC}") = "conversaotemperatura.negocio", "conversaotemperatura.negocio\conversaotemperatura.negocio.csproj", "{1D9ACB58-FD93-406F-822E-49F0178789EB}"
EndProject
Project("{FAE04EC0-301F-11D3-BF4B-00C04F79EFBC}") = "conversaotemperatura.modelo", "conversaotemperatura.modelo\conversaotemperatura.modelo.csproj", "{5410CDF1-C48C-4363-8EE4-EDBA261EAFF7}"
EndProject
Global
	GlobalSection(SolutionConfigurationPlatforms) = preSolution
		Debug|Any CPU = Debug|Any CPU
		Release|Any CPU = Release|Any CPU
	EndGlobalSection
	GlobalSection(ProjectConfigurationPlatforms) = postSolution
		{7C8D53F3-FAEC-42BD-8349-FE3253DD0966}.Debug|Any CPU.ActiveCfg = Debug|Any CPU
		{7C8D53F3-FAEC-42BD-8349-FE3253DD0966}.Debug|Any CPU.Build.0 = Debug|Any CPU
		{7C8D53F3-FAEC-42BD-8349-FE3253DD0966}.Release|Any CPU.ActiveCfg = Release|Any CPU
		{7C8D53F3-FAEC-42BD-8349-FE3253DD0966}.Release|Any CPU.Build.0 = Release|Any CPU
		{1D9ACB58-FD93-406F-822E-49F0178789EB}.Debug|Any CPU.ActiveCfg = Debug|Any CPU
		{1D9ACB58-FD93-406F-822E-49F0178789EB}.Debug|Any CPU.Build.0 = Debug|Any CPU
		{1D9ACB58-FD93-406F-822E-49F0178789EB}.Release|Any CPU.ActiveCfg = Release|Any CPU
		{1D9ACB58-FD93-406F-822E-49F0178789EB}.Release|Any CPU.Build.0 = Release|Any CPU
		{5410CDF1-C48C-4363-8EE4-EDBA261EAFF7}.Debug|Any CPU.ActiveCfg = Debug|Any CPU
		{5410CDF1-C48C-4363-8EE4-EDBA261EAFF7}.Debug|Any CPU.Build.0 = Debug|Any CPU
		{5410CDF1-C48C-4363-8EE4-EDBA261EAFF7}.Release|Any CPU.ActiveCfg = Release|Any CPU
		{5410CDF1-C48C-4363-8EE4-EDBA261EAFF7}.Release|Any CPU.Build.0 = Release|Any CPU
	EndGlobalSection
	GlobalSection(SolutionProperties) = preSolution
		HideSolutionNode = FALSE
	EndGlobalSection
	GlobalSection(ExtensibilityGlobals) = postSolution
		SolutionGuid = {58B810D6-88C6-4D86-B0E1-84125BAFEB2B}
	EndGlobalSection
EndGlobal
